---
ID: "12addcd8-e549-4cec-b7f4-df41db9f8b75"
Parent: "e5004e14-ea49-43b7-a093-006648a14a60"
Template: "bbf97517-1fe5-405b-aae7-5309be26249a"
Path: "/sitecore/content/main/main-website/Data/TestimonialBlocks/Sage - Testimonial Block"
Languages:
- Language: en
  Versions:
  - Version: 1
    Fields:
    - ID: "25bed78c-4957-4165-998a-ca1b52f67497"
      Hint: __Created
      Value: 20260617T101859Z
    - ID: "70398829-0ffa-4e5c-8b7c-0103cf5651c9"
      Hint: SectionTitle
      Value: Meet our customers
    - ID: "8cdc337e-a112-42fb-bbb4-4143751e123f"
      Hint: __Revision
      Value: "6bad2989-0132-411a-8a87-c4e2f507eb88"
    - ID: "badd9cf9-53e0-4d0c-bcc0-2d784c282f6a"
      Hint: __Updated by
      Value: |
        sitecore\federico.mujica@sitecore.com
    - ID: "d9cf14b1-fa16-4ba6-9288-e8a174d4d522"
      Hint: __Updated
      Value: 20260617T101927Z
